
Microsoft Visual Studio Solution File, Format Version 12.00
# Visual Studio 14
VisualStudioVersion = 14.0.25123.0
MinimumVisualStudioVersion = 10.0.40219.1
Project("{FAE04EC0-301F-11D3-BF4B-00C04F79EFBC}") = "TouchScreenBuddy.DesktopGL", "TouchScreenBuddy.DesktopGL\TouchScreenBuddy.DesktopGL.csproj", "{E72E9BD6-415E-44BC-A085-BB6E38E283AD}"
EndProject
Project("{FAE04EC0-301F-11D3-BF4B-00C04F79EFBC}") = "TouchScreenBuddy.Android", "TouchScreenBuddy.Android\TouchScreenBuddy.Android.csproj", "{3AC0E6EB-82DF-4EE2-ADC0-0C61FABF54BD}"
EndProject
Project("{FAE04EC0-301F-11D3-BF4B-00C04F79EFBC}") = "TouchScreenBuddy.iOS", "TouchScreenBuddy.iOS\TouchScreenBuddy.iOS.csproj", "{7D4EE18D-2052-4CBB-B52D-1C0E98AFB6D7}"
EndProject
Project("{FAE04EC0-301F-11D3-BF4B-00C04F79EFBC}") = "TouchScreenBuddy.WindowsUniversal", "TouchScreenBuddy.WindowsUniversal\TouchScreenBuddy.WindowsUniversal.csproj", "{49EA1009-5B3E-48C6-8BFD-7AD0A622CF07}"
EndProject
Project("{2150E333-8FDC-42A3-9474-1A3956D46DE8}") = "Solution Items", "Solution Items", "{6A606404-1A7E-4C4D-B171-0E1873982B2C}"
	ProjectSection(SolutionItems) = preProject
		buildNugetPackages.ps1 = buildNugetPackages.ps1
		TouchScreenBuddy.nuspec = TouchScreenBuddy.nuspec
	EndProjectSection
EndProject
Global
	GlobalSection(SolutionConfigurationPlatforms) = preSolution
		AppStore|Any CPU = AppStore|Any CPU
		AppStore|ARM = AppStore|ARM
		AppStore|x64 = AppStore|x64
		AppStore|x86 = AppStore|x86
		Debug|Any CPU = Debug|Any CPU
		Debug|ARM = Debug|ARM
		Debug|x64 = Debug|x64
		Debug|x86 = Debug|x86
		Release|Any CPU = Release|Any CPU
		Release|ARM = Release|ARM
		Release|x64 = Release|x64
		Release|x86 = Release|x86
	EndGlobalSection
	GlobalSection(ProjectConfigurationPlatforms) = postSolution
		{E72E9BD6-415E-44BC-A085-BB6E38E283AD}.AppStore|Any CPU.ActiveCfg = Release|Any CPU
		{E72E9BD6-415E-44BC-A085-BB6E38E283AD}.AppStore|Any CPU.Build.0 = Release|Any CPU
		{E72E9BD6-415E-44BC-A085-BB6E38E283AD}.AppStore|ARM.ActiveCfg = Debug|Any CPU
		{E72E9BD6-415E-44BC-A085-BB6E38E283AD}.AppStore|ARM.Build.0 = Debug|Any CPU
		{E72E9BD6-415E-44BC-A085-BB6E38E283AD}.AppStore|x64.ActiveCfg = Debug|Any CPU
		{E72E9BD6-415E-44BC-A085-BB6E38E283AD}.AppStore|x64.Build.0 = Debug|Any CPU
		{E72E9BD6-415E-44BC-A085-BB6E38E283AD}.AppStore|x86.ActiveCfg = Debug|Any CPU
		{E72E9BD6-415E-44BC-A085-BB6E38E283AD}.AppStore|x86.Build.0 = Debug|Any CPU
		{E72E9BD6-415E-44BC-A085-BB6E38E283AD}.Debug|Any CPU.ActiveCfg = Debug|Any CPU
		{E72E9BD6-415E-44BC-A085-BB6E38E283AD}.Debug|Any CPU.Build.0 = Debug|Any CPU
		{E72E9BD6-415E-44BC-A085-BB6E38E283AD}.Debug|ARM.ActiveCfg = Debug|Any CPU
		{E72E9BD6-415E-44BC-A085-BB6E38E283AD}.Debug|ARM.Build.0 = Debug|Any CPU
		{E72E9BD6-415E-44BC-A085-BB6E38E283AD}.Debug|x64.ActiveCfg = Debug|Any CPU
		{E72E9BD6-415E-44BC-A085-BB6E38E283AD}.Debug|x64.Build.0 = Debug|Any CPU
		{E72E9BD6-415E-44BC-A085-BB6E38E283AD}.Debug|x86.ActiveCfg = Debug|Any CPU
		{E72E9BD6-415E-44BC-A085-BB6E38E283AD}.Debug|x86.Build.0 = Debug|Any CPU
		{E72E9BD6-415E-44BC-A085-BB6E38E283AD}.Release|Any CPU.ActiveCfg = Release|Any CPU
		{E72E9BD6-415E-44BC-A085-BB6E38E283AD}.Release|Any CPU.Build.0 = Release|Any CPU
		{E72E9BD6-415E-44BC-A085-BB6E38E283AD}.Release|ARM.ActiveCfg = Release|Any CPU
		{E72E9BD6-415E-44BC-A085-BB6E38E283AD}.Release|ARM.Build.0 = Release|Any CPU
		{E72E9BD6-415E-44BC-A085-BB6E38E283AD}.Release|x64.ActiveCfg = Release|Any CPU
		{E72E9BD6-415E-44BC-A085-BB6E38E283AD}.Release|x64.Build.0 = Release|Any CPU
		{E72E9BD6-415E-44BC-A085-BB6E38E283AD}.Release|x86.ActiveCfg = Release|Any CPU
		{E72E9BD6-415E-44BC-A085-BB6E38E283AD}.Release|x86.Build.0 = Release|Any CPU
		{3AC0E6EB-82DF-4EE2-ADC0-0C61FABF54BD}.AppStore|Any CPU.ActiveCfg = Release|Any CPU
		{3AC0E6EB-82DF-4EE2-ADC0-0C61FABF54BD}.AppStore|Any CPU.Build.0 = Release|Any CPU
		{3AC0E6EB-82DF-4EE2-ADC0-0C61FABF54BD}.AppStore|ARM.ActiveCfg = Debug|Any CPU
		{3AC0E6EB-82DF-4EE2-ADC0-0C61FABF54BD}.AppStore|ARM.Build.0 = Debug|Any CPU
		{3AC0E6EB-82DF-4EE2-ADC0-0C61FABF54BD}.AppStore|x64.ActiveCfg = Debug|Any CPU
		{3AC0E6EB-82DF-4EE2-ADC0-0C61FABF54BD}.AppStore|x64.Build.0 = Debug|Any CPU
		{3AC0E6EB-82DF-4EE2-ADC0-0C61FABF54BD}.AppStore|x86.ActiveCfg = Debug|Any CPU
		{3AC0E6EB-82DF-4EE2-ADC0-0C61FABF54BD}.AppStore|x86.Build.0 = Debug|Any CPU
		{3AC0E6EB-82DF-4EE2-ADC0-0C61FABF54BD}.Debug|Any CPU.ActiveCfg = Debug|Any CPU
		{3AC0E6EB-82DF-4EE2-ADC0-0C61FABF54BD}.Debug|Any CPU.Build.0 = Debug|Any CPU
		{3AC0E6EB-82DF-4EE2-ADC0-0C61FABF54BD}.Debug|ARM.ActiveCfg = Debug|Any CPU
		{3AC0E6EB-82DF-4EE2-ADC0-0C61FABF54BD}.Debug|ARM.Build.0 = Debug|Any CPU
		{3AC0E6EB-82DF-4EE2-ADC0-0C61FABF54BD}.Debug|x64.ActiveCfg = Debug|Any CPU
		{3AC0E6EB-82DF-4EE2-ADC0-0C61FABF54BD}.Debug|x64.Build.0 = Debug|Any CPU
		{3AC0E6EB-82DF-4EE2-ADC0-0C61FABF54BD}.Debug|x86.ActiveCfg = Debug|Any CPU
		{3AC0E6EB-82DF-4EE2-ADC0-0C61FABF54BD}.Debug|x86.Build.0 = Debug|Any CPU
		{3AC0E6EB-82DF-4EE2-ADC0-0C61FABF54BD}.Release|Any CPU.ActiveCfg = Release|Any CPU
		{3AC0E6EB-82DF-4EE2-ADC0-0C61FABF54BD}.Release|Any CPU.Build.0 = Release|Any CPU
		{3AC0E6EB-82DF-4EE2-ADC0-0C61FABF54BD}.Release|ARM.ActiveCfg = Release|Any CPU
		{3AC0E6EB-82DF-4EE2-ADC0-0C61FABF54BD}.Release|ARM.Build.0 = Release|Any CPU
		{3AC0E6EB-82DF-4EE2-ADC0-0C61FABF54BD}.Release|x64.ActiveCfg = Release|Any CPU
		{3AC0E6EB-82DF-4EE2-ADC0-0C61FABF54BD}.Release|x64.Build.0 = Release|Any CPU
		{3AC0E6EB-82DF-4EE2-ADC0-0C61FABF54BD}.Release|x86.ActiveCfg = Release|Any CPU
		{3AC0E6EB-82DF-4EE2-ADC0-0C61FABF54BD}.Release|x86.Build.0 = Release|Any CPU
		{7D4EE18D-2052-4CBB-B52D-1C0E98AFB6D7}.AppStore|Any CPU.ActiveCfg = Release|Any CPU
		{7D4EE18D-2052-4CBB-B52D-1C0E98AFB6D7}.AppStore|Any CPU.Build.0 = Release|Any CPU
		{7D4EE18D-2052-4CBB-B52D-1C0E98AFB6D7}.AppStore|ARM.ActiveCfg = Release|Any CPU
		{7D4EE18D-2052-4CBB-B52D-1C0E98AFB6D7}.AppStore|ARM.Build.0 = Release|Any CPU
		{7D4EE18D-2052-4CBB-B52D-1C0E98AFB6D7}.AppStore|x64.ActiveCfg = Release|Any CPU
		{7D4EE18D-2052-4CBB-B52D-1C0E98AFB6D7}.AppStore|x64.Build.0 = Release|Any CPU
		{7D4EE18D-2052-4CBB-B52D-1C0E98AFB6D7}.AppStore|x86.ActiveCfg = Release|Any CPU
		{7D4EE18D-2052-4CBB-B52D-1C0E98AFB6D7}.AppStore|x86.Build.0 = Release|Any CPU
		{7D4EE18D-2052-4CBB-B52D-1C0E98AFB6D7}.Debug|Any CPU.ActiveCfg = Debug|Any CPU
		{7D4EE18D-2052-4CBB-B52D-1C0E98AFB6D7}.Debug|Any CPU.Build.0 = Debug|Any CPU
		{7D4EE18D-2052-4CBB-B52D-1C0E98AFB6D7}.Debug|ARM.ActiveCfg = Debug|Any CPU
		{7D4EE18D-2052-4CBB-B52D-1C0E98AFB6D7}.Debug|ARM.Build.0 = Debug|Any CPU
		{7D4EE18D-2052-4CBB-B52D-1C0E98AFB6D7}.Debug|x64.ActiveCfg = Debug|Any CPU
		{7D4EE18D-2052-4CBB-B52D-1C0E98AFB6D7}.Debug|x64.Build.0 = Debug|Any CPU
		{7D4EE18D-2052-4CBB-B52D-1C0E98AFB6D7}.Debug|x86.ActiveCfg = Debug|Any CPU
		{7D4EE18D-2052-4CBB-B52D-1C0E98AFB6D7}.Debug|x86.Build.0 = Debug|Any CPU
		{7D4EE18D-2052-4CBB-B52D-1C0E98AFB6D7}.Release|Any CPU.ActiveCfg = Release|Any CPU
		{7D4EE18D-2052-4CBB-B52D-1C0E98AFB6D7}.Release|Any CPU.Build.0 = Release|Any CPU
		{7D4EE18D-2052-4CBB-B52D-1C0E98AFB6D7}.Release|ARM.ActiveCfg = Release|Any CPU
		{7D4EE18D-2052-4CBB-B52D-1C0E98AFB6D7}.Release|ARM.Build.0 = Release|Any CPU
		{7D4EE18D-2052-4CBB-B52D-1C0E98AFB6D7}.Release|x64.ActiveCfg = Release|Any CPU
		{7D4EE18D-2052-4CBB-B52D-1C0E98AFB6D7}.Release|x64.Build.0 = Release|Any CPU
		{7D4EE18D-2052-4CBB-B52D-1C0E98AFB6D7}.Release|x86.ActiveCfg = Release|Any CPU
		{7D4EE18D-2052-4CBB-B52D-1C0E98AFB6D7}.Release|x86.Build.0 = Release|Any CPU
		{49EA1009-5B3E-48C6-8BFD-7AD0A622CF07}.AppStore|Any CPU.ActiveCfg = Release|Any CPU
		{49EA1009-5B3E-48C6-8BFD-7AD0A622CF07}.AppStore|Any CPU.Build.0 = Release|Any CPU
		{49EA1009-5B3E-48C6-8BFD-7AD0A622CF07}.AppStore|ARM.ActiveCfg = Release|ARM
		{49EA1009-5B3E-48C6-8BFD-7AD0A622CF07}.AppStore|ARM.Build.0 = Release|ARM
		{49EA1009-5B3E-48C6-8BFD-7AD0A622CF07}.AppStore|x64.ActiveCfg = Release|x64
		{49EA1009-5B3E-48C6-8BFD-7AD0A622CF07}.AppStore|x64.Build.0 = Release|x64
		{49EA1009-5B3E-48C6-8BFD-7AD0A622CF07}.AppStore|x86.ActiveCfg = Release|x86
		{49EA1009-5B3E-48C6-8BFD-7AD0A622CF07}.AppStore|x86.Build.0 = Release|x86
		{49EA1009-5B3E-48C6-8BFD-7AD0A622CF07}.Debug|Any CPU.ActiveCfg = Debug|Any CPU
		{49EA1009-5B3E-48C6-8BFD-7AD0A622CF07}.Debug|Any CPU.Build.0 = Debug|Any CPU
		{49EA1009-5B3E-48C6-8BFD-7AD0A622CF07}.Debug|ARM.ActiveCfg = Debug|ARM
		{49EA1009-5B3E-48C6-8BFD-7AD0A622CF07}.Debug|ARM.Build.0 = Debug|ARM
		{49EA1009-5B3E-48C6-8BFD-7AD0A622CF07}.Debug|x64.ActiveCfg = Debug|x64
		{49EA1009-5B3E-48C6-8BFD-7AD0A622CF07}.Debug|x64.Build.0 = Debug|x64
		{49EA1009-5B3E-48C6-8BFD-7AD0A622CF07}.Debug|x86.ActiveCfg = Debug|x86
		{49EA1009-5B3E-48C6-8BFD-7AD0A622CF07}.Debug|x86.Build.0 = Debug|x86
		{49EA1009-5B3E-48C6-8BFD-7AD0A622CF07}.Release|Any CPU.ActiveCfg = Release|Any CPU
		{49EA1009-5B3E-48C6-8BFD-7AD0A622CF07}.Release|Any CPU.Build.0 = Release|Any CPU
		{49EA1009-5B3E-48C6-8BFD-7AD0A622CF07}.Release|ARM.ActiveCfg = Release|ARM
		{49EA1009-5B3E-48C6-8BFD-7AD0A622CF07}.Release|ARM.Build.0 = Release|ARM
		{49EA1009-5B3E-48C6-8BFD-7AD0A622CF07}.Release|x64.ActiveCfg = Release|x64
		{49EA1009-5B3E-48C6-8BFD-7AD0A622CF07}.Release|x64.Build.0 = Release|x64
		{49EA1009-5B3E-48C6-8BFD-7AD0A622CF07}.Release|x86.ActiveCfg = Release|x86
		{49EA1009-5B3E-48C6-8BFD-7AD0A622CF07}.Release|x86.Build.0 = Release|x86
	EndGlobalSection
	GlobalSection(SolutionProperties) = preSolution
		HideSolutionNode = FALSE
	EndGlobalSection
EndGlobal
